// !$*UTF8*$!
{
	archiveVersion = 1;
	classes = {
	};
	objectVersion = 77;
	objects = {

/* Begin PBXBuildFile section */
		02775F53CE5DA82FC47878B2 /* MSHNativeShell.swift in Sources */ = {isa = PBXBuildFile; fileRef = 953C2AF46C6E6B552F2B9B31 /* MSHNativeShell.swift */; };
		0E782D607237B80CCA2B4DB2 /* Supabase in Frameworks */ = {isa = PBXBuildFile; productRef = EC56EC4D38C286DF8FA4F4BE /* Supabase */; };
		105237004C94BD66F3297C6C /* MSHAuth.swift in Sources */ = {isa = PBXBuildFile; fileRef = E11472DA81BF6F34067B30F1 /* MSHAuth.swift */; };
		10801D4CF4DC806BFCCED832 /* MSHMyHealthDataSource.swift in Sources */ = {isa = PBXBuildFile; fileRef = B4585F8FE54A4642B966AF79 /* MSHMyHealthDataSource.swift */; };
		12798D94C30D525365CE9F3A /* MSHHealthCore in Frameworks */ = {isa = PBXBuildFile; productRef = 37897D51A209B111301BBF74 /* MSHHealthCore */; };
		1A49E62E20A10C358297F407 /* MSHMyHealthScreen.swift in Sources */ = {isa = PBXBuildFile; fileRef = D6A44F38F35A3B1282B9D6B1 /* MSHMyHealthScreen.swift */; };
		1E04F597A57CB7A720AF7E9C /* MSHMeditateScreen.swift in Sources */ = {isa = PBXBuildFile; fileRef = 614EDADF6355798654BABDA9 /* MSHMeditateScreen.swift */; };
		26718EF28AC5A65BA947C5D8 /* FileHealthStoreTests.swift in Sources */ = {isa = PBXBuildFile; fileRef = 0A2AAA80B53DC8A474A4A9B6 /* FileHealthStoreTests.swift */; };
		291AF110FED7BF3DF8C97BEB /* MSHNotificationService.swift in Sources */ = {isa = PBXBuildFile; fileRef = 9A2EC03C77F19D427EFAA87F /* MSHNotificationService.swift */; };
		3ADD0323DC0F51D0B774E7BC /* Assets.xcassets in Resources */ = {isa = PBXBuildFile; fileRef = 9B3DB5402D73C03AA7ED2892 /* Assets.xcassets */; };
		448443CE62E04BDFC2C3EF8E /* MSHSharing.swift in Sources */ = {isa = PBXBuildFile; fileRef = 54C51FE87388D0DA401E52BF /* MSHSharing.swift */; };
		492DF631BD0F38AB33E0AAFB /* MSHConnectedHealthSources.swift in Sources */ = {isa = PBXBuildFile; fileRef = 4D44D8E1F47728D3F41AC810 /* MSHConnectedHealthSources.swift */; };
		53E8B79FA77A4684B8004857 /* MSHWebView.swift in Sources */ = {isa = PBXBuildFile; fileRef = 0AA05488D28DF0D6053601B6 /* MSHWebView.swift */; };
		594C1E3ACAD62F6E393FE810 /* MSHMyHealthTests.swift in Sources */ = {isa = PBXBuildFile; fileRef = 02F39427D0DBB5BFBC9645A3 /* MSHMyHealthTests.swift */; };
		5A1378B1645E17A7062F40F5 /* MSHMyHealthModel.swift in Sources */ = {isa = PBXBuildFile; fileRef = B248761DDAABD299490F9A51 /* MSHMyHealthModel.swift */; };
		5F996406B20BA241B6DB76BC /* SQLiteHealthRecordStore.swift in Sources */ = {isa = PBXBuildFile; fileRef = D893C6BA5C93014EB3ED5A1B /* SQLiteHealthRecordStore.swift */; };
		8C3CFE2C4DF260C5A501B749 /* MSHSharedContentTests.swift in Sources */ = {isa = PBXBuildFile; fileRef = 0A89200165B9CFFF6290E87B /* MSHSharedContentTests.swift */; };
		8CB37FD6EAE9627C2B53F1FF /* MSHNotificationBridge.swift in Sources */ = {isa = PBXBuildFile; fileRef = EF1B265B9AE7A6DEBAE88C00 /* MSHNotificationBridge.swift */; };
		9A776D3B1E0EE520E0DB2926 /* MSHSharingTests.swift in Sources */ = {isa = PBXBuildFile; fileRef = 9AE3CB1B800CE43B7A5FE5CC /* MSHSharingTests.swift */; };
		9F06AB60D571D27BEF7942EA /* AppleHealthBridge.swift in Sources */ = {isa = PBXBuildFile; fileRef = 35F1BB04FC05967D5ADB24D2 /* AppleHealthBridge.swift */; };
		A84BB3858AC8D2ECC81D2EB2 /* MSHAppleHealthRuntime.swift in Sources */ = {isa = PBXBuildFile; fileRef = 0EDB504A090DE4AB63A6D1DD /* MSHAppleHealthRuntime.swift */; };
		C03BCF1A8E2BFCD2B8E1AAAA /* LaunchScreen.storyboard in Resources */ = {isa = PBXBuildFile; fileRef = C1F9CAA62C9BB4CC207B2A0B /* LaunchScreen.storyboard */; };
		C22239AA972507CE2D428109 /* MSHOnboardingView.swift in Sources */ = {isa = PBXBuildFile; fileRef = 54D74396292D4BCC80E7F8C5 /* MSHOnboardingView.swift */; };
		C33B0A7CFCDFA421CF4D51ED /* MySimpleHealthApp.swift in Sources */ = {isa = PBXBuildFile; fileRef = 792BEB57CE99566C69403D1F /* MySimpleHealthApp.swift */; };
		C729CC630D266F45DCCB6D5B /* MSHNotificationRouting.swift in Sources */ = {isa = PBXBuildFile; fileRef = 5F7438D1F99EC81EFE6E4739 /* MSHNotificationRouting.swift */; };
		C828F4519931DB62E6CFBC1B /* MSHNotificationTests.swift in Sources */ = {isa = PBXBuildFile; fileRef = AB0ACC9C0BEC3229E76BC385 /* MSHNotificationTests.swift */; };
		D9C2EEDCB224616F9BC42FC0 /* MSHNativeShellTests.swift in Sources */ = {isa = PBXBuildFile; fileRef = 567531D5DE71A6BAB85FEEBA /* MSHNativeShellTests.swift */; };
		DDD003124E25C6879AD2EF4A /* MSHMovementEditing.swift in Sources */ = {isa = PBXBuildFile; fileRef = 9918FCF1FDE98BCA10520C5E /* MSHMovementEditing.swift */; };
		E2E226C59CBA5609EED72372 /* MSHOnboardingState.swift in Sources */ = {isa = PBXBuildFile; fileRef = A8AE904CF468D4F1EC8FB56B /* MSHOnboardingState.swift */; };
		F1D8947E2594D9EE832390F7 /* MSHDesignTokens.swift in Sources */ = {isa = PBXBuildFile; fileRef = F8FDCA9980654D31D9032BB8 /* MSHDesignTokens.swift */; };
		F35A5D698152BAF3F7A6C46D /* MSHSharedContent.swift in Sources */ = {isa = PBXBuildFile; fileRef = 6E608248DDF59732EF9EEC51 /* MSHSharedContent.swift */; };
		FC602CCB9C3F6C73FEEC0B34 /* MSHOnboardingTests.swift in Sources */ = {isa = PBXBuildFile; fileRef = 463C60E260C799F4ED741DA6 /* MSHOnboardingTests.swift */; };
		FEC824609EB11E14AECB7B67 /* FileHealthStore.swift in Sources */ = {isa = PBXBuildFile; fileRef = 105124B82C67397BF1E74C25 /* FileHealthStore.swift */; };
		FF2B29B92B97F313148FF71F /* MSHAppleHealthKit in Frameworks */ = {isa = PBXBuildFile; productRef = 7DDE9A4214B6B955F1C0570F /* MSHAppleHealthKit */; };
/* End PBXBuildFile section */

/* Begin PBXContainerItemProxy section */
		4EF78DFADE2286B3A6A080E0 /* PBXContainerItemProxy */ = {
			isa = PBXContainerItemProxy;
			containerPortal = F222795B46CB42CA492BA297 /* Project object */;
			proxyType = 1;
			remoteGlobalIDString = 7AB4A151FFB72E6ECB5E70F3;
			remoteInfo = MySimpleHealth;
		};
/* End PBXContainerItemProxy section */

/* Begin PBXFileReference section */
		02F39427D0DBB5BFBC9645A3 /* MSHMyHealthTests.swift */ = {isa = PBXFileReference; lastKnownFileType = sourcecode.swift; path = MSHMyHealthTests.swift; sourceTree = "<group>"; };
		0A2AAA80B53DC8A474A4A9B6 /* FileHealthStoreTests.swift */ = {isa = PBXFileReference; lastKnownFileType = sourcecode.swift; path = FileHealthStoreTests.swift; sourceTree = "<group>"; };
		0A89200165B9CFFF6290E87B /* MSHSharedContentTests.swift */ = {isa = PBXFileReference; lastKnownFileType = sourcecode.swift; path = MSHSharedContentTests.swift; sourceTree = "<group>"; };
		0AA05488D28DF0D6053601B6 /* MSHWebView.swift */ = {isa = PBXFileReference; lastKnownFileType = sourcecode.swift; path = MSHWebView.swift; sourceTree = "<group>"; };
		0EDB504A090DE4AB63A6D1DD /* MSHAppleHealthRuntime.swift */ = {isa = PBXFileReference; lastKnownFileType = sourcecode.swift; path = MSHAppleHealthRuntime.swift; sourceTree = "<group>"; };
		105124B82C67397BF1E74C25 /* FileHealthStore.swift */ = {isa = PBXFileReference; lastKnownFileType = sourcecode.swift; path = FileHealthStore.swift; sourceTree = "<group>"; };
		35F1BB04FC05967D5ADB24D2 /* AppleHealthBridge.swift */ = {isa = PBXFileReference; lastKnownFileType = sourcecode.swift; path = AppleHealthBridge.swift; sourceTree = "<group>"; };
		463C60E260C799F4ED741DA6 /* MSHOnboardingTests.swift */ = {isa = PBXFileReference; lastKnownFileType = sourcecode.swift; path = MSHOnboardingTests.swift; sourceTree = "<group>"; };
		473E376B311E1B177D3B4552 /* MySimpleHealthTests.xctest */ = {isa = PBXFileReference; includeInIndex = 0; lastKnownFileType = wrapper.cfbundle; path = MySimpleHealthTests.xctest; sourceTree = BUILT_PRODUCTS_DIR; };
		4D44D8E1F47728D3F41AC810 /* MSHConnectedHealthSources.swift */ = {isa = PBXFileReference; lastKnownFileType = sourcecode.swift; path = MSHConnectedHealthSources.swift; sourceTree = "<group>"; };
		54C51FE87388D0DA401E52BF /* MSHSharing.swift */ = {isa = PBXFileReference; lastKnownFileType = sourcecode.swift; path = MSHSharing.swift; sourceTree = "<group>"; };
		54D74396292D4BCC80E7F8C5 /* MSHOnboardingView.swift */ = {isa = PBXFileReference; lastKnownFileType = sourcecode.swift; path = MSHOnboardingView.swift; sourceTree = "<group>"; };
		567531D5DE71A6BAB85FEEBA /* MSHNativeShellTests.swift */ = {isa = PBXFileReference; lastKnownFileType = sourcecode.swift; path = MSHNativeShellTests.swift; sourceTree = "<group>"; };
		5F7438D1F99EC81EFE6E4739 /* MSHNotificationRouting.swift */ = {isa = PBXFileReference; lastKnownFileType = sourcecode.swift; path = MSHNotificationRouting.swift; sourceTree = "<group>"; };
		614EDADF6355798654BABDA9 /* MSHMeditateScreen.swift */ = {isa = PBXFileReference; lastKnownFileType = sourcecode.swift; path = MSHMeditateScreen.swift; sourceTree = "<group>"; };
		6E608248DDF59732EF9EEC51 /* MSHSharedContent.swift */ = {isa = PBXFileReference; lastKnownFileType = sourcecode.swift; path = MSHSharedContent.swift; sourceTree = "<group>"; };
		792BEB57CE99566C69403D1F /* MySimpleHealthApp.swift */ = {isa = PBXFileReference; lastKnownFileType = sourcecode.swift; path = MySimpleHealthApp.swift; sourceTree = "<group>"; };
		7BC4A6349D1004D170B6C977 /* MySimpleHealth.app */ = {isa = PBXFileReference; includeInIndex = 0; lastKnownFileType = wrapper.application; path = MySimpleHealth.app; sourceTree = BUILT_PRODUCTS_DIR; };
		8496059FB9B25B3B9A0B527B /* MySimpleHealthHealthKit */ = {isa = PBXFileReference; lastKnownFileType = folder; name = MySimpleHealthHealthKit; path = ../MySimpleHealthHealthKit; sourceTree = SOURCE_ROOT; };
		9255C48B0B3FBB0E5F5E9D2F /* Debug.xcconfig */ = {isa = PBXFileReference; lastKnownFileType = text.xcconfig; path = Debug.xcconfig; sourceTree = "<group>"; };
		953C2AF46C6E6B552F2B9B31 /* MSHNativeShell.swift */ = {isa = PBXFileReference; lastKnownFileType = sourcecode.swift; path = MSHNativeShell.swift; sourceTree = "<group>"; };
		95F42BB7DD7AE20C2756FE6E /* Info-Debug.plist */ = {isa = PBXFileReference; lastKnownFileType = text.plist; path = "Info-Debug.plist"; sourceTree = "<group>"; };
		9918FCF1FDE98BCA10520C5E /* MSHMovementEditing.swift */ = {isa = PBXFileReference; lastKnownFileType = sourcecode.swift; path = MSHMovementEditing.swift; sourceTree = "<group>"; };
		9A2EC03C77F19D427EFAA87F /* MSHNotificationService.swift */ = {isa = PBXFileReference; lastKnownFileType = sourcecode.swift; path = MSHNotificationService.swift; sourceTree = "<group>"; };
		9AE3CB1B800CE43B7A5FE5CC /* MSHSharingTests.swift */ = {isa = PBXFileReference; lastKnownFileType = sourcecode.swift; path = MSHSharingTests.swift; sourceTree = "<group>"; };
		9B3DB5402D73C03AA7ED2892 /* Assets.xcassets */ = {isa = PBXFileReference; lastKnownFileType = folder.assetcatalog; path = Assets.xcassets; sourceTree = "<group>"; };
		A8AE904CF468D4F1EC8FB56B /* MSHOnboardingState.swift */ = {isa = PBXFileReference; lastKnownFileType = sourcecode.swift; path = MSHOnboardingState.swift; sourceTree = "<group>"; };
		AB0ACC9C0BEC3229E76BC385 /* MSHNotificationTests.swift */ = {isa = PBXFileReference; lastKnownFileType = sourcecode.swift; path = MSHNotificationTests.swift; sourceTree = "<group>"; };
		B248761DDAABD299490F9A51 /* MSHMyHealthModel.swift */ = {isa = PBXFileReference; lastKnownFileType = sourcecode.swift; path = MSHMyHealthModel.swift; sourceTree = "<group>"; };
		B4585F8FE54A4642B966AF79 /* MSHMyHealthDataSource.swift */ = {isa = PBXFileReference; lastKnownFileType = sourcecode.swift; path = MSHMyHealthDataSource.swift; sourceTree = "<group>"; };
		C1F9CAA62C9BB4CC207B2A0B /* LaunchScreen.storyboard */ = {isa = PBXFileReference; lastKnownFileType = file.storyboard; path = LaunchScreen.storyboard; sourceTree = "<group>"; };
		D40CD07AC85001504274A352 /* MySimpleHealth.entitlements */ = {isa = PBXFileReference; lastKnownFileType = text.plist.entitlements; path = MySimpleHealth.entitlements; sourceTree = "<group>"; };
		D6A44F38F35A3B1282B9D6B1 /* MSHMyHealthScreen.swift */ = {isa = PBXFileReference; lastKnownFileType = sourcecode.swift; path = MSHMyHealthScreen.swift; sourceTree = "<group>"; };
		D893C6BA5C93014EB3ED5A1B /* SQLiteHealthRecordStore.swift */ = {isa = PBXFileReference; lastKnownFileType = sourcecode.swift; path = SQLiteHealthRecordStore.swift; sourceTree = "<group>"; };
		E08CEDED5B19E322B00C097C /* Info.plist */ = {isa = PBXFileReference; lastKnownFileType = text.plist; path = Info.plist; sourceTree = "<group>"; };
		E11472DA81BF6F34067B30F1 /* MSHAuth.swift */ = {isa = PBXFileReference; lastKnownFileType = sourcecode.swift; path = MSHAuth.swift; sourceTree = "<group>"; };
		EF1B265B9AE7A6DEBAE88C00 /* MSHNotificationBridge.swift */ = {isa = PBXFileReference; lastKnownFileType = sourcecode.swift; path = MSHNotificationBridge.swift; sourceTree = "<group>"; };
		F8FDCA9980654D31D9032BB8 /* MSHDesignTokens.swift */ = {isa = PBXFileReference; lastKnownFileType = sourcecode.swift; path = MSHDesignTokens.swift; sourceTree = "<group>"; };
/* End PBXFileReference section */

/* Begin PBXFrameworksBuildPhase section */
		91DD0839DF6C6C29DA6CB965 /* Frameworks */ = {
			isa = PBXFrameworksBuildPhase;
			buildActionMask = 2147483647;
			files = (
				12798D94C30D525365CE9F3A /* MSHHealthCore in Frameworks */,
				FF2B29B92B97F313148FF71F /* MSHAppleHealthKit in Frameworks */,
				0E782D607237B80CCA2B4DB2 /* Supabase in Frameworks */,
			);
			runOnlyForDeploymentPostprocessing = 0;
		};
/* End PBXFrameworksBuildPhase section */

/* Begin PBXGroup section */
		5AE9DB1BC021F630BAE3B39E /* Packages */ = {
			isa = PBXGroup;
			children = (
				8496059FB9B25B3B9A0B527B /* MySimpleHealthHealthKit */,
			);
			name = Packages;
			sourceTree = "<group>";
		};
		9156CBB7CE2049425670C000 /* Products */ = {
			isa = PBXGroup;
			children = (
				7BC4A6349D1004D170B6C977 /* MySimpleHealth.app */,
				473E376B311E1B177D3B4552 /* MySimpleHealthTests.xctest */,
			);
			name = Products;
			sourceTree = "<group>";
		};
		B1CFA1A39F752A60DE15FDF3 /* App */ = {
			isa = PBXGroup;
			children = (
				35F1BB04FC05967D5ADB24D2 /* AppleHealthBridge.swift */,
				9B3DB5402D73C03AA7ED2892 /* Assets.xcassets */,
				105124B82C67397BF1E74C25 /* FileHealthStore.swift */,
				95F42BB7DD7AE20C2756FE6E /* Info-Debug.plist */,
				E08CEDED5B19E322B00C097C /* Info.plist */,
				C1F9CAA62C9BB4CC207B2A0B /* LaunchScreen.storyboard */,
				0EDB504A090DE4AB63A6D1DD /* MSHAppleHealthRuntime.swift */,
				E11472DA81BF6F34067B30F1 /* MSHAuth.swift */,
				4D44D8E1F47728D3F41AC810 /* MSHConnectedHealthSources.swift */,
				F8FDCA9980654D31D9032BB8 /* MSHDesignTokens.swift */,
				614EDADF6355798654BABDA9 /* MSHMeditateScreen.swift */,
				9918FCF1FDE98BCA10520C5E /* MSHMovementEditing.swift */,
				B4585F8FE54A4642B966AF79 /* MSHMyHealthDataSource.swift */,
				B248761DDAABD299490F9A51 /* MSHMyHealthModel.swift */,
				D6A44F38F35A3B1282B9D6B1 /* MSHMyHealthScreen.swift */,
				953C2AF46C6E6B552F2B9B31 /* MSHNativeShell.swift */,
				EF1B265B9AE7A6DEBAE88C00 /* MSHNotificationBridge.swift */,
				5F7438D1F99EC81EFE6E4739 /* MSHNotificationRouting.swift */,
				9A2EC03C77F19D427EFAA87F /* MSHNotificationService.swift */,
				A8AE904CF468D4F1EC8FB56B /* MSHOnboardingState.swift */,
				54D74396292D4BCC80E7F8C5 /* MSHOnboardingView.swift */,
				6E608248DDF59732EF9EEC51 /* MSHSharedContent.swift */,
				54C51FE87388D0DA401E52BF /* MSHSharing.swift */,
				0AA05488D28DF0D6053601B6 /* MSHWebView.swift */,
				D40CD07AC85001504274A352 /* MySimpleHealth.entitlements */,
				792BEB57CE99566C69403D1F /* MySimpleHealthApp.swift */,
				D893C6BA5C93014EB3ED5A1B /* SQLiteHealthRecordStore.swift */,
			);
			path = App;
			sourceTree = "<group>";
		};
		B726506B20AA523818D87500 /* Tests */ = {
			isa = PBXGroup;
			children = (
				0A2AAA80B53DC8A474A4A9B6 /* FileHealthStoreTests.swift */,
				02F39427D0DBB5BFBC9645A3 /* MSHMyHealthTests.swift */,
				567531D5DE71A6BAB85FEEBA /* MSHNativeShellTests.swift */,
				AB0ACC9C0BEC3229E76BC385 /* MSHNotificationTests.swift */,
				463C60E260C799F4ED741DA6 /* MSHOnboardingTests.swift */,
				0A89200165B9CFFF6290E87B /* MSHSharedContentTests.swift */,
				9AE3CB1B800CE43B7A5FE5CC /* MSHSharingTests.swift */,
			);
			path = Tests;
			sourceTree = "<group>";
		};
		D91AB75F180D59D317FAC10F /* Config */ = {
			isa = PBXGroup;
			children = (
				9255C48B0B3FBB0E5F5E9D2F /* Debug.xcconfig */,
			);
			path = Config;
			sourceTree = "<group>";
		};
		F7EE268F229635263D09B2F5 = {
			isa = PBXGroup;
			children = (
				B1CFA1A39F752A60DE15FDF3 /* App */,
				D91AB75F180D59D317FAC10F /* Config */,
				5AE9DB1BC021F630BAE3B39E /* Packages */,
				B726506B20AA523818D87500 /* Tests */,
				9156CBB7CE2049425670C000 /* Products */,
			);
			sourceTree = "<group>";
		};
/* End PBXGroup section */

/* Begin PBXNativeTarget section */
		7AB4A151FFB72E6ECB5E70F3 /* MySimpleHealth */ = {
			isa = PBXNativeTarget;
			buildConfigurationList = ADEFE9B8543CD94EF139BA39 /* Build configuration list for PBXNativeTarget "MySimpleHealth" */;
			buildPhases = (
				5C49421E0B965D965CDCC43B /* Sources */,
				F2E037D00A151099F7B6E0E9 /* Resources */,
				91DD0839DF6C6C29DA6CB965 /* Frameworks */,
			);
			buildRules = (
			);
			dependencies = (
			);
			name = MySimpleHealth;
			packageProductDependencies = (
				37897D51A209B111301BBF74 /* MSHHealthCore */,
				7DDE9A4214B6B955F1C0570F /* MSHAppleHealthKit */,
				EC56EC4D38C286DF8FA4F4BE /* Supabase */,
			);
			productName = MySimpleHealth;
			productReference = 7BC4A6349D1004D170B6C977 /* MySimpleHealth.app */;
			productType = "com.apple.product-type.application";
		};
		D0BA0C5934225ED4A3073AF9 /* MySimpleHealthTests */ = {
			isa = PBXNativeTarget;
			buildConfigurationList = E8A0DE3285C619A92CBDE74F /* Build configuration list for PBXNativeTarget "MySimpleHealthTests" */;
			buildPhases = (
				6689BE214C427DCA70E66E24 /* Sources */,
			);
			buildRules = (
			);
			dependencies = (
				1864D75A4BD5950FCFE1BC6F /* PBXTargetDependency */,
			);
			name = MySimpleHealthTests;
			packageProductDependencies = (
			);
			productName = MySimpleHealthTests;
			productReference = 473E376B311E1B177D3B4552 /* MySimpleHealthTests.xctest */;
			productType = "com.apple.product-type.bundle.unit-test";
		};
/* End PBXNativeTarget section */

/* Begin PBXProject section */
		F222795B46CB42CA492BA297 /* Project object */ = {
			isa = PBXProject;
			attributes = {
				BuildIndependentTargetsInParallel = YES;
				LastUpgradeCheck = 1430;
				TargetAttributes = {
					7AB4A151FFB72E6ECB5E70F3 = {
						DevelopmentTeam = 736NRP69T9;
						SystemCapabilities = "[\"com.apple.HealthKit\": [\"enabled\": 1]]";
					};
				};
			};
			buildConfigurationList = BECA2A0B7208EA8C3093FAE3 /* Build configuration list for PBXProject "MySimpleHealth" */;
			developmentRegion = en;
			hasScannedForEncodings = 0;
			knownRegions = (
				Base,
				en,
			);
			mainGroup = F7EE268F229635263D09B2F5;
			minimizedProjectReferenceProxies = 1;
			packageReferences = (
				8159D5AF5778F1FD1B579289 /* XCRemoteSwiftPackageReference "supabase-swift" */,
				BA44A31C33F6DFC2768304FA /* XCLocalSwiftPackageReference "../MySimpleHealthHealthKit" */,
			);
			preferredProjectObjectVersion = 77;
			productRefGroup = 9156CBB7CE2049425670C000 /* Products */;
			projectDirPath = "";
			projectRoot = "";
			targets = (
				7AB4A151FFB72E6ECB5E70F3 /* MySimpleHealth */,
				D0BA0C5934225ED4A3073AF9 /* MySimpleHealthTests */,
			);
		};
/* End PBXProject section */

/* Begin PBXResourcesBuildPhase section */
		F2E037D00A151099F7B6E0E9 /* Resources */ = {
			isa = PBXResourcesBuildPhase;
			buildActionMask = 2147483647;
			files = (
				3ADD0323DC0F51D0B774E7BC /* Assets.xcassets in Resources */,
				C03BCF1A8E2BFCD2B8E1AAAA /* LaunchScreen.storyboard in Resources */,
			);
			runOnlyForDeploymentPostprocessing = 0;
		};
/* End PBXResourcesBuildPhase section */

/* Begin PBXSourcesBuildPhase section */
		5C49421E0B965D965CDCC43B /* Sources */ = {
			isa = PBXSourcesBuildPhase;
			buildActionMask = 2147483647;
			files = (
				9F06AB60D571D27BEF7942EA /* AppleHealthBridge.swift in Sources */,
				FEC824609EB11E14AECB7B67 /* FileHealthStore.swift in Sources */,
				A84BB3858AC8D2ECC81D2EB2 /* MSHAppleHealthRuntime.swift in Sources */,
				105237004C94BD66F3297C6C /* MSHAuth.swift in Sources */,
				492DF631BD0F38AB33E0AAFB /* MSHConnectedHealthSources.swift in Sources */,
				F1D8947E2594D9EE832390F7 /* MSHDesignTokens.swift in Sources */,
				1E04F597A57CB7A720AF7E9C /* MSHMeditateScreen.swift in Sources */,
				DDD003124E25C6879AD2EF4A /* MSHMovementEditing.swift in Sources */,
				10801D4CF4DC806BFCCED832 /* MSHMyHealthDataSource.swift in Sources */,
				5A1378B1645E17A7062F40F5 /* MSHMyHealthModel.swift in Sources */,
				1A49E62E20A10C358297F407 /* MSHMyHealthScreen.swift in Sources */,
				02775F53CE5DA82FC47878B2 /* MSHNativeShell.swift in Sources */,
				8CB37FD6EAE9627C2B53F1FF /* MSHNotificationBridge.swift in Sources */,
				C729CC630D266F45DCCB6D5B /* MSHNotificationRouting.swift in Sources */,
				291AF110FED7BF3DF8C97BEB /* MSHNotificationService.swift in Sources */,
				E2E226C59CBA5609EED72372 /* MSHOnboardingState.swift in Sources */,
				C22239AA972507CE2D428109 /* MSHOnboardingView.swift in Sources */,
				F35A5D698152BAF3F7A6C46D /* MSHSharedContent.swift in Sources */,
				448443CE62E04BDFC2C3EF8E /* MSHSharing.swift in Sources */,
				53E8B79FA77A4684B8004857 /* MSHWebView.swift in Sources */,
				C33B0A7CFCDFA421CF4D51ED /* MySimpleHealthApp.swift in Sources */,
				5F996406B20BA241B6DB76BC /* SQLiteHealthRecordStore.swift in Sources */,
			);
			runOnlyForDeploymentPostprocessing = 0;
		};
		6689BE214C427DCA70E66E24 /* Sources */ = {
			isa = PBXSourcesBuildPhase;
			buildActionMask = 2147483647;
			files = (
				26718EF28AC5A65BA947C5D8 /* FileHealthStoreTests.swift in Sources */,
				594C1E3ACAD62F6E393FE810 /* MSHMyHealthTests.swift in Sources */,
				D9C2EEDCB224616F9BC42FC0 /* MSHNativeShellTests.swift in Sources */,
				C828F4519931DB62E6CFBC1B /* MSHNotificationTests.swift in Sources */,
				FC602CCB9C3F6C73FEEC0B34 /* MSHOnboardingTests.swift in Sources */,
				8C3CFE2C4DF260C5A501B749 /* MSHSharedContentTests.swift in Sources */,
				9A776D3B1E0EE520E0DB2926 /* MSHSharingTests.swift in Sources */,
			);
			runOnlyForDeploymentPostprocessing = 0;
		};
/* End PBXSourcesBuildPhase section */

/* Begin PBXTargetDependency section */
		1864D75A4BD5950FCFE1BC6F /* PBXTargetDependency */ = {
			isa = PBXTargetDependency;
			target = 7AB4A151FFB72E6ECB5E70F3 /* MySimpleHealth */;
			targetProxy = 4EF78DFADE2286B3A6A080E0 /* PBXContainerItemProxy */;
		};
/* End PBXTargetDependency section */

/* Begin XCBuildConfiguration section */
		10B4323A9305D8F1330B672D /* Debug */ = {
			isa = XCBuildConfiguration;
			buildSettings = {
				ALWAYS_SEARCH_USER_PATHS = NO;
				CLANG_ANALYZER_NONNULL = YES;
				CLANG_ANALYZER_NUMBER_OBJECT_CONVERSION = YES_AGGRESSIVE;
				CLANG_CXX_LANGUAGE_STANDARD = "gnu++14";
				CLANG_CXX_LIBRARY = "libc++";
				CLANG_ENABLE_MODULES = YES;
				CLANG_ENABLE_OBJC_ARC = YES;
				CLANG_ENABLE_OBJC_WEAK = YES;
				CLANG_WARN_BLOCK_CAPTURE_AUTORELEASING = YES;
				CLANG_WARN_BOOL_CONVERSION = YES;
				CLANG_WARN_COMMA = YES;
				CLANG_WARN_CONSTANT_CONVERSION = YES;
				CLANG_WARN_DEPRECATED_OBJC_IMPLEMENTATIONS = YES;
				CLANG_WARN_DIRECT_OBJC_ISA_USAGE = YES_ERROR;
				CLANG_WARN_DOCUMENTATION_COMMENTS = YES;
				CLANG_WARN_EMPTY_BODY = YES;
				CLANG_WARN_ENUM_CONVERSION = YES;
				CLANG_WARN_INFINITE_RECURSION = YES;
				CLANG_WARN_INT_CONVERSION = YES;
				CLANG_WARN_NON_LITERAL_NULL_CONVERSION = YES;
				CLANG_WARN_OBJC_IMPLICIT_RETAIN_SELF = YES;
				CLANG_WARN_OBJC_LITERAL_CONVERSION = YES;
				CLANG_WARN_OBJC_ROOT_CLASS = YES_ERROR;
				CLANG_WARN_QUOTED_INCLUDE_IN_FRAMEWORK_HEADER = YES;
				CLANG_WARN_RANGE_LOOP_ANALYSIS = YES;
				CLANG_WARN_STRICT_PROTOTYPES = YES;
				CLANG_WARN_SUSPICIOUS_MOVE = YES;
				CLANG_WARN_UNGUARDED_AVAILABILITY = YES_AGGRESSIVE;
				CLANG_WARN_UNREACHABLE_CODE = YES;
				CLANG_WARN__DUPLICATE_METHOD_MATCH = YES;
				COPY_PHASE_STRIP = NO;
				DEBUG_INFORMATION_FORMAT = dwarf;
				ENABLE_STRICT_OBJC_MSGSEND = YES;
				ENABLE_TESTABILITY = YES;
				GCC_C_LANGUAGE_STANDARD = gnu11;
				GCC_DYNAMIC_NO_PIC = NO;
				GCC_NO_COMMON_BLOCKS = YES;
				GCC_OPTIMIZATION_LEVEL = 0;
				GCC_PREPROCESSOR_DEFINITIONS = (
					"$(inherited)",
					"DEBUG=1",
				);
				GCC_WARN_64_TO_32_BIT_CONVERSION = YES;
				GCC_WARN_ABOUT_RETURN_TYPE = YES_ERROR;
				GCC_WARN_UNDECLARED_SELECTOR = YES;
				GCC_WARN_UNINITIALIZED_AUTOS = YES_AGGRESSIVE;
				GCC_WARN_UNUSED_FUNCTION = YES;
				GCC_WARN_UNUSED_VARIABLE = YES;
				IPHONEOS_DEPLOYMENT_TARGET = 17.0;
				MTL_ENABLE_DEBUG_INFO = INCLUDE_SOURCE;
				MTL_FAST_MATH = YES;
				ONLY_ACTIVE_ARCH = YES;
				PRODUCT_NAME = "$(TARGET_NAME)";
				SDKROOT = iphoneos;
				SWIFT_ACTIVE_COMPILATION_CONDITIONS = DEBUG;
				SWIFT_OPTIMIZATION_LEVEL = "-Onone";
				SWIFT_VERSION = 5.0;
			};
			name = Debug;
		};
		12A5060B89F39C47962D9275 /* Debug */ = {
			isa = XCBuildConfiguration;
			baseConfigurationReference = 9255C48B0B3FBB0E5F5E9D2F /* Debug.xcconfig */;
			buildSettings = {
				ASSETCATALOG_COMPILER_APPICON_NAME = AppIcon;
				CODE_SIGN_ENTITLEMENTS = App/MySimpleHealth.entitlements;
				CODE_SIGN_IDENTITY = "iPhone Developer";
				DEVELOPMENT_TEAM = 736NRP69T9;
				INFOPLIST_FILE = "App/Info-Debug.plist";
				LD_RUNPATH_SEARCH_PATHS = (
					"$(inherited)",
					"@executable_path/Frameworks",
				);
				ONLY_ACTIVE_ARCH = YES;
				PRODUCT_BUNDLE_IDENTIFIER = org.mysimplehealth.app;
				SDKROOT = iphoneos;
				SWIFT_VERSION = 6.0;
				TARGETED_DEVICE_FAMILY = "1,2";
			};
			name = Debug;
		};
		1F5B93E514D30FD322CF2669 /* Release */ = {
			isa = XCBuildConfiguration;
			buildSettings = {
				ASSETCATALOG_COMPILER_APPICON_NAME = AppIcon;
				CODE_SIGN_ENTITLEMENTS = App/MySimpleHealth.entitlements;
				CODE_SIGN_IDENTITY = "iPhone Developer";
				DEVELOPMENT_TEAM = 736NRP69T9;
				INFOPLIST_FILE = App/Info.plist;
				LD_RUNPATH_SEARCH_PATHS = (
					"$(inherited)",
					"@executable_path/Frameworks",
				);
				PRODUCT_BUNDLE_IDENTIFIER = org.mysimplehealth.app;
				SDKROOT = iphoneos;
				SWIFT_VERSION = 6.0;
				TARGETED_DEVICE_FAMILY = "1,2";
			};
			name = Release;
		};
		6BB153F93299B83EDD003458 /* Debug */ = {
			isa = XCBuildConfiguration;
			buildSettings = {
				BUNDLE_LOADER = "$(TEST_HOST)";
				GENERATE_INFOPLIST_FILE = YES;
				LD_RUNPATH_SEARCH_PATHS = (
					"$(inherited)",
					"@executable_path/Frameworks",
					"@loader_path/Frameworks",
				);
				PRODUCT_BUNDLE_IDENTIFIER = org.mysimplehealth.MySimpleHealthTests;
				SDKROOT = iphoneos;
				TARGETED_DEVICE_FAMILY = "1,2";
				TEST_HOST = "$(BUILT_PRODUCTS_DIR)/MySimpleHealth.app/MySimpleHealth";
			};
			name = Debug;
		};
		A20F5922F1BD56E773EDBD06 /* Release */ = {
			isa = XCBuildConfiguration;
			buildSettings = {
				BUNDLE_LOADER = "$(TEST_HOST)";
				GENERATE_INFOPLIST_FILE = YES;
				LD_RUNPATH_SEARCH_PATHS = (
					"$(inherited)",
					"@executable_path/Frameworks",
					"@loader_path/Frameworks",
				);
				PRODUCT_BUNDLE_IDENTIFIER = org.mysimplehealth.MySimpleHealthTests;
				SDKROOT = iphoneos;
				TARGETED_DEVICE_FAMILY = "1,2";
				TEST_HOST = "$(BUILT_PRODUCTS_DIR)/MySimpleHealth.app/MySimpleHealth";
			};
			name = Release;
		};
		A582BCFECB088DD9960A4FEC /* Release */ = {
			isa = XCBuildConfiguration;
			buildSettings = {
				ALWAYS_SEARCH_USER_PATHS = NO;
				CLANG_ANALYZER_NONNULL = YES;
				CLANG_ANALYZER_NUMBER_OBJECT_CONVERSION = YES_AGGRESSIVE;
				CLANG_CXX_LANGUAGE_STANDARD = "gnu++14";
				CLANG_CXX_LIBRARY = "libc++";
				CLANG_ENABLE_MODULES = YES;
				CLANG_ENABLE_OBJC_ARC = YES;
				CLANG_ENABLE_OBJC_WEAK = YES;
				CLANG_WARN_BLOCK_CAPTURE_AUTORELEASING = YES;
				CLANG_WARN_BOOL_CONVERSION = YES;
				CLANG_WARN_COMMA = YES;
				CLANG_WARN_CONSTANT_CONVERSION = YES;
				CLANG_WARN_DEPRECATED_OBJC_IMPLEMENTATIONS = YES;
				CLANG_WARN_DIRECT_OBJC_ISA_USAGE = YES_ERROR;
				CLANG_WARN_DOCUMENTATION_COMMENTS = YES;
				CLANG_WARN_EMPTY_BODY = YES;
				CLANG_WARN_ENUM_CONVERSION = YES;
				CLANG_WARN_INFINITE_RECURSION = YES;
				CLANG_WARN_INT_CONVERSION = YES;
				CLANG_WARN_NON_LITERAL_NULL_CONVERSION = YES;
				CLANG_WARN_OBJC_IMPLICIT_RETAIN_SELF = YES;
				CLANG_WARN_OBJC_LITERAL_CONVERSION = YES;
				CLANG_WARN_OBJC_ROOT_CLASS = YES_ERROR;
				CLANG_WARN_QUOTED_INCLUDE_IN_FRAMEWORK_HEADER = YES;
				CLANG_WARN_RANGE_LOOP_ANALYSIS = YES;
				CLANG_WARN_STRICT_PROTOTYPES = YES;
				CLANG_WARN_SUSPICIOUS_MOVE = YES;
				CLANG_WARN_UNGUARDED_AVAILABILITY = YES_AGGRESSIVE;
				CLANG_WARN_UNREACHABLE_CODE = YES;
				CLANG_WARN__DUPLICATE_METHOD_MATCH = YES;
				COPY_PHASE_STRIP = NO;
				DEBUG_INFORMATION_FORMAT = "dwarf-with-dsym";
				ENABLE_NS_ASSERTIONS = NO;
				ENABLE_STRICT_OBJC_MSGSEND = YES;
				GCC_C_LANGUAGE_STANDARD = gnu11;
				GCC_NO_COMMON_BLOCKS = YES;
				GCC_WARN_64_TO_32_BIT_CONVERSION = YES;
				GCC_WARN_ABOUT_RETURN_TYPE = YES_ERROR;
				GCC_WARN_UNDECLARED_SELECTOR = YES;
				GCC_WARN_UNINITIALIZED_AUTOS = YES_AGGRESSIVE;
				GCC_WARN_UNUSED_FUNCTION = YES;
				GCC_WARN_UNUSED_VARIABLE = YES;
				IPHONEOS_DEPLOYMENT_TARGET = 17.0;
				MTL_ENABLE_DEBUG_INFO = NO;
				MTL_FAST_MATH = YES;
				PRODUCT_NAME = "$(TARGET_NAME)";
				SDKROOT = iphoneos;
				SWIFT_COMPILATION_MODE = wholemodule;
				SWIFT_OPTIMIZATION_LEVEL = "-O";
				SWIFT_VERSION = 5.0;
			};
			name = Release;
		};
/* End XCBuildConfiguration section */

/* Begin XCConfigurationList section */
		ADEFE9B8543CD94EF139BA39 /* Build configuration list for PBXNativeTarget "MySimpleHealth" */ = {
			isa = XCConfigurationList;
			buildConfigurations = (
				12A5060B89F39C47962D9275 /* Debug */,
				1F5B93E514D30FD322CF2669 /* Release */,
			);
			defaultConfigurationIsVisible = 0;
			defaultConfigurationName = Debug;
		};
		BECA2A0B7208EA8C3093FAE3 /* Build configuration list for PBXProject "MySimpleHealth" */ = {
			isa = XCConfigurationList;
			buildConfigurations = (
				10B4323A9305D8F1330B672D /* Debug */,
				A582BCFECB088DD9960A4FEC /* Release */,
			);
			defaultConfigurationIsVisible = 0;
			defaultConfigurationName = Debug;
		};
		E8A0DE3285C619A92CBDE74F /* Build configuration list for PBXNativeTarget "MySimpleHealthTests" */ = {
			isa = XCConfigurationList;
			buildConfigurations = (
				6BB153F93299B83EDD003458 /* Debug */,
				A20F5922F1BD56E773EDBD06 /* Release */,
			);
			defaultConfigurationIsVisible = 0;
			defaultConfigurationName = Debug;
		};
/* End XCConfigurationList section */

/* Begin XCLocalSwiftPackageReference section */
		BA44A31C33F6DFC2768304FA /* XCLocalSwiftPackageReference "../MySimpleHealthHealthKit" */ = {
			isa = XCLocalSwiftPackageReference;
			relativePath = ../MySimpleHealthHealthKit;
		};
/* End XCLocalSwiftPackageReference section */

/* Begin XCRemoteSwiftPackageReference section */
		8159D5AF5778F1FD1B579289 /* XCRemoteSwiftPackageReference "supabase-swift" */ = {
			isa = XCRemoteSwiftPackageReference;
			repositoryURL = "https://github.com/supabase/supabase-swift";
			requirement = {
				kind = exactVersion;
				version = 2.54.1;
			};
		};
/* End XCRemoteSwiftPackageReference section */

/* Begin XCSwiftPackageProductDependency section */
		37897D51A209B111301BBF74 /* MSHHealthCore */ = {
			isa = XCSwiftPackageProductDependency;
			productName = MSHHealthCore;
		};
		7DDE9A4214B6B955F1C0570F /* MSHAppleHealthKit */ = {
			isa = XCSwiftPackageProductDependency;
			productName = MSHAppleHealthKit;
		};
		EC56EC4D38C286DF8FA4F4BE /* Supabase */ = {
			isa = XCSwiftPackageProductDependency;
			package = 8159D5AF5778F1FD1B579289 /* XCRemoteSwiftPackageReference "supabase-swift" */;
			productName = Supabase;
		};
/* End XCSwiftPackageProductDependency section */
	};
	rootObject = F222795B46CB42CA492BA297 /* Project object */;
}
